
Microsoft Visual Studio Solution File, Format Version 12.00
# Visual Studio Version 16
VisualStudioVersion = 16.0.30717.126
MinimumVisualStudioVersion = 10.0.40219.1
Project("{FAE04EC0-301F-11D3-BF4B-00C04F79EFBC}") = "CommentEverythingEmailLib", "CommentEverythingEmailLib.csproj", "{3AB8189B-ACA5-4CAA-8BB1-F22D8626379E}"
EndProject
Global
	GlobalSection(SolutionConfigurationPlatforms) = preSolution
		Debug|Any CPU = Debug|Any CPU
		Release|Any CPU = Release|Any CPU
	EndGlobalSection
	GlobalSection(ProjectConfigurationPlatforms) = postSolution
		{3AB8189B-ACA5-4CAA-8BB1-F22D8626379E}.Debug|Any CPU.ActiveCfg = Debug|Any CPU
		{3AB8189B-ACA5-4CAA-8BB1-F22D8626379E}.Debug|Any CPU.Build.0 = Debug|Any CPU
		{3AB8189B-ACA5-4CAA-8BB1-F22D8626379E}.Release|Any CPU.ActiveCfg = Release|Any CPU
		{3AB8189B-ACA5-4CAA-8BB1-F22D8626379E}.Release|Any CPU.Build.0 = Release|Any CPU
	EndGlobalSection
	GlobalSection(SolutionProperties) = preSolution
		HideSolutionNode = FALSE
	EndGlobalSection
	GlobalSection(ExtensibilityGlobals) = postSolution
		SolutionGuid = {5D3445DE-4087-4274-BCE3-D86EFE665B27}
	EndGlobalSection
EndGlobal
